// !$*UTF8*$!
{
	archiveVersion = 1;
	classes = {
	};
	objectVersion = 50;
	objects = {

/* Begin PBXBuildFile section */
		3FC2F4DE273C2A84008639E3 /* Fables_of_the_FlameApp.swift in Sources */ = {isa = PBXBuildFile; fileRef = 3FC2F4DD273C2A84008639E3 /* Fables_of_the_FlameApp.swift */; };
		3FC2F4E0273C2A84008639E3 /* ContentView.swift in Sources */ = {isa = PBXBuildFile; fileRef = 3FC2F4DF273C2A84008639E3 /* ContentView.swift */; };
		3FC2F4E2273C2A8C008639E3 /* Assets.xcassets in Resources */ = {isa = PBXBuildFile; fileRef = 3FC2F4E1273C2A8C008639E3 /* Assets.xcassets */; };
		3FC2F4E5273C2A8C008639E3 /* Preview Assets.xcassets in Resources */ = {isa = PBXBuildFile; fileRef = 3FC2F4E4273C2A8C008639E3 /* Preview Assets.xcassets */; };
		3FC2F4F0273C2A8C008639E3 /* Fables_of_the_FlameTests.swift in Sources */ = {isa = PBXBuildFile; fileRef = 3FC2F4EF273C2A8C008639E3 /* Fables_of_the_FlameTests.swift */; };
		3FC2F4FB273C2A8C008639E3 /* Fables_of_the_FlameUITests.swift in Sources */ = {isa = PBXBuildFile; fileRef = 3FC2F4FA273C2A8C008639E3 /* Fables_of_the_FlameUITests.swift */; };
/* End PBXBuildFile section */

/* Begin PBXContainerItemProxy section */
		3FC2F4EC273C2A8C008639E3 /* PBXContainerItemProxy */ = {
			isa = PBXContainerItemProxy;
			containerPortal = 3FC2F4D2273C2A84008639E3 /* Project object */;
			proxyType = 1;
			remoteGlobalIDString = 3FC2F4D9273C2A84008639E3;
			remoteInfo = "Fables of the Flame";
		};
		3FC2F4F7273C2A8C008639E3 /* PBXContainerItemProxy */ = {
			isa = PBXContainerItemProxy;
			containerPortal = 3FC2F4D2273C2A84008639E3 /* Project object */;
			proxyType = 1;
			remoteGlobalIDString = 3FC2F4D9273C2A84008639E3;
			remoteInfo = "Fables of the Flame";
		};
/* End PBXContainerItemProxy section */

/* Begin PBXFileReference section */
		3FC2F4DA273C2A84008639E3 /* Fables of the Flame.app */ = {isa = PBXFileReference; explicitFileType = wrapper.application; includeInIndex = 0; path = "Fables of the Flame.app"; sourceTree = BUILT_PRODUCTS_DIR; };
		3FC2F4DD273C2A84008639E3 /* Fables_of_the_FlameApp.swift */ = {isa = PBXFileReference; lastKnownFileType = sourcecode.swift; path = Fables_of_the_FlameApp.swift; sourceTree = "<group>"; };
		3FC2F4DF273C2A84008639E3 /* ContentView.swift */ = {isa = PBXFileReference; lastKnownFileType = sourcecode.swift; path = ContentView.swift; sourceTree = "<group>"; };
		3FC2F4E1273C2A8C008639E3 /* Assets.xcassets */ = {isa = PBXFileReference; lastKnownFileType = folder.assetcatalog; path = Assets.xcassets; sourceTree = "<group>"; };
		3FC2F4E4273C2A8C008639E3 /* Preview Assets.xcassets */ = {isa = PBXFileReference; lastKnownFileType = folder.assetcatalog; path = "Preview Assets.xcassets"; sourceTree = "<group>"; };
		3FC2F4E6273C2A8C008639E3 /* Info.plist */ = {isa = PBXFileReference; lastKnownFileType = text.plist.xml; path = Info.plist; sourceTree = "<group>"; };
		3FC2F4EB273C2A8C008639E3 /* Fables of the FlameTests.xctest */ = {isa = PBXFileReference; explicitFileType = wrapper.cfbundle; includeInIndex = 0; path = "Fables of the FlameTests.xctest"; sourceTree = BUILT_PRODUCTS_DIR; };
		3FC2F4EF273C2A8C008639E3 /* Fables_of_the_FlameTests.swift */ = {isa = PBXFileReference; lastKnownFileType = sourcecode.swift; path = Fables_of_the_FlameTests.swift; sourceTree = "<group>"; };
		3FC2F4F1273C2A8C008639E3 /* Info.plist */ = {isa = PBXFileReference; lastKnownFileType = text.plist.xml; path = Info.plist; sourceTree = "<group>"; };
		3FC2F4F6273C2A8C008639E3 /* Fables of the FlameUITests.xctest */ = {isa = PBXFileReference; explicitFileType = wrapper.cfbundle; includeInIndex = 0; path = "Fables of the FlameUITests.xctest"; sourceTree = BUILT_PRODUCTS_DIR; };
		3FC2F4FA273C2A8C008639E3 /* Fables_of_the_FlameUITests.swift */ = {isa = PBXFileReference; lastKnownFileType = sourcecode.swift; path = Fables_of_the_FlameUITests.swift; sourceTree = "<group>"; };
		3FC2F4FC273C2A8C008639E3 /* Info.plist */ = {isa = PBXFileReference; lastKnownFileType = text.plist.xml; path = Info.plist; sourceTree = "<group>"; };
/* End PBXFileReference section */

/* Begin PBXFrameworksBuildPhase section */
		3FC2F4D7273C2A84008639E3 /* Frameworks */ = {
			isa = PBXFrameworksBuildPhase;
			buildActionMask = 2147483647;
			files = (
			);
			runOnlyForDeploymentPostprocessing = 0;
		};
		3FC2F4E8273C2A8C008639E3 /* Frameworks */ = {
			isa = PBXFrameworksBuildPhase;
			buildActionMask = 2147483647;
			files = (
			);
			runOnlyForDeploymentPostprocessing = 0;
		};
		3FC2F4F3273C2A8C008639E3 /* Frameworks */ = {
			isa = PBXFrameworksBuildPhase;
			buildActionMask = 2147483647;
			files = (
			);
			runOnlyForDeploymentPostprocessing = 0;
		};
/* End PBXFrameworksBuildPhase section */

/* Begin PBXGroup section */
		3FC2F4D1273C2A84008639E3 = {
			isa = PBXGroup;
			children = (
				3FC2F4DC273C2A84008639E3 /* Fables of the Flame */,
				3FC2F4EE273C2A8C008639E3 /* Fables of the FlameTests */,
				3FC2F4F9273C2A8C008639E3 /* Fables of the FlameUITests */,
				3FC2F4DB273C2A84008639E3 /* Products */,
			);
			sourceTree = "<group>";
		};
		3FC2F4DB273C2A84008639E3 /* Products */ = {
			isa = PBXGroup;
			children = (
				3FC2F4DA273C2A84008639E3 /* Fables of the Flame.app */,
				3FC2F4EB273C2A8C008639E3 /* Fables of the FlameTests.xctest */,
				3FC2F4F6273C2A8C008639E3 /* Fables of the FlameUITests.xctest */,
			);
			name = Products;
			sourceTree = "<group>";
		};
		3FC2F4DC273C2A84008639E3 /* Fables of the Flame */ = {
			isa = PBXGroup;
			children = (
				3FC2F4DD273C2A84008639E3 /* Fables_of_the_FlameApp.swift */,
				3FC2F4DF273C2A84008639E3 /* ContentView.swift */,
				3FC2F4E1273C2A8C008639E3 /* Assets.xcassets */,
				3FC2F4E6273C2A8C008639E3 /* Info.plist */,
				3FC2F4E3273C2A8C008639E3 /* Preview Content */,
			);
			path = "Fables of the Flame";
			sourceTree = "<group>";
		};
		3FC2F4E3273C2A8C008639E3 /* Preview Content */ = {
			isa = PBXGroup;
			children = (
				3FC2F4E4273C2A8C008639E3 /* Preview Assets.xcassets */,
			);
			path = "Preview Content";
			sourceTree = "<group>";
		};
		3FC2F4EE273C2A8C008639E3 /* Fables of the FlameTests */ = {
			isa = PBXGroup;
			children = (
				3FC2F4EF273C2A8C008639E3 /* Fables_of_the_FlameTests.swift */,
				3FC2F4F1273C2A8C008639E3 /* Info.plist */,
			);
			path = "Fables of the FlameTests";
			sourceTree = "<group>";
		};
		3FC2F4F9273C2A8C008639E3 /* Fables of the FlameUITests */ = {
			isa = PBXGroup;
			children = (
				3FC2F4FA273C2A8C008639E3 /* Fables_of_the_FlameUITests.swift */,
				3FC2F4FC273C2A8C008639E3 /* Info.plist */,
			);
			path = "Fables of the FlameUITests";
			sourceTree = "<group>";
		};
/* End PBXGroup section */

/* Begin PBXNativeTarget section */
		3FC2F4D9273C2A84008639E3 /* Fables of the Flame */ = {
			isa = PBXNativeTarget;
			buildConfigurationList = 3FC2F4FF273C2A8C008639E3 /* Build configuration list for PBXNativeTarget "Fables of the Flame" */;
			buildPhases = (
				3FC2F4D6273C2A84008639E3 /* Sources */,
				3FC2F4D7273C2A84008639E3 /* Frameworks */,
				3FC2F4D8273C2A84008639E3 /* Resources */,
			);
			buildRules = (
			);
			dependencies = (
			);
			name = "Fables of the Flame";
			productName = "Fables of the Flame";
			productReference = 3FC2F4DA273C2A84008639E3 /* Fables of the Flame.app */;
			productType = "com.apple.product-type.application";
		};
		3FC2F4EA273C2A8C008639E3 /* Fables of the FlameTests */ = {
			isa = PBXNativeTarget;
			buildConfigurationList = 3FC2F502273C2A8C008639E3 /* Build configuration list for PBXNativeTarget "Fables of the FlameTests" */;
			buildPhases = (
				3FC2F4E7273C2A8C008639E3 /* Sources */,
				3FC2F4E8273C2A8C008639E3 /* Frameworks */,
				3FC2F4E9273C2A8C008639E3 /* Resources */,
			);
			buildRules = (
			);
			dependencies = (
				3FC2F4ED273C2A8C008639E3 /* PBXTargetDependency */,
			);
			name = "Fables of the FlameTests";
			productName = "Fables of the FlameTests";
			productReference = 3FC2F4EB273C2A8C008639E3 /* Fables of the FlameTests.xctest */;
			productType = "com.apple.product-type.bundle.unit-test";
		};
		3FC2F4F5273C2A8C008639E3 /* Fables of the FlameUITests */ = {
			isa = PBXNativeTarget;
			buildConfigurationList = 3FC2F505273C2A8C008639E3 /* Build configuration list for PBXNativeTarget "Fables of the FlameUITests" */;
			buildPhases = (
				3FC2F4F2273C2A8C008639E3 /* Sources */,
				3FC2F4F3273C2A8C008639E3 /* Frameworks */,
				3FC2F4F4273C2A8C008639E3 /* Resources */,
			);
			buildRules = (
			);
			dependencies = (
				3FC2F4F8273C2A8C008639E3 /* PBXTargetDependency */,
			);
			name = "Fables of the FlameUITests";
			productName = "Fables of the FlameUITests";
			productReference = 3FC2F4F6273C2A8C008639E3 /* Fables of the FlameUITests.xctest */;
			productType = "com.apple.product-type.bundle.ui-testing";
		};
/* End PBXNativeTarget section */

/* Begin PBXProject section */
		3FC2F4D2273C2A84008639E3 /* Project object */ = {
			isa = PBXProject;
			attributes = {
				LastSwiftUpdateCheck = 1250;
				LastUpgradeCheck = 1250;
				TargetAttributes = {
					3FC2F4D9273C2A84008639E3 = {
						CreatedOnToolsVersion = 12.5.1;
					};
					3FC2F4EA273C2A8C008639E3 = {
						CreatedOnToolsVersion = 12.5.1;
						TestTargetID = 3FC2F4D9273C2A84008639E3;
					};
					3FC2F4F5273C2A8C008639E3 = {
						CreatedOnToolsVersion = 12.5.1;
						TestTargetID = 3FC2F4D9273C2A84008639E3;
					};
				};
			};
			buildConfigurationList = 3FC2F4D5273C2A84008639E3 /* Build configuration list for PBXProject "Fables of the Flame" */;
			compatibilityVersion = "Xcode 9.3";
			developmentRegion = en;
			hasScannedForEncodings = 0;
			knownRegions = (
				en,
				Base,
			);
			mainGroup = 3FC2F4D1273C2A84008639E3;
			productRefGroup = 3FC2F4DB273C2A84008639E3 /* Products */;
			projectDirPath = "";
			projectRoot = "";
			targets = (
				3FC2F4D9273C2A84008639E3 /* Fables of the Flame */,
				3FC2F4EA273C2A8C008639E3 /* Fables of the FlameTests */,
				3FC2F4F5273C2A8C008639E3 /* Fables of the FlameUITests */,
			);
		};
/* End PBXProject section */

/* Begin PBXResourcesBuildPhase section */
		3FC2F4D8273C2A84008639E3 /* Resources */ = {
			isa = PBXResourcesBuildPhase;
			buildActionMask = 2147483647;
			files = (
				3FC2F4E5273C2A8C008639E3 /* Preview Assets.xcassets in Resources */,
				3FC2F4E2273C2A8C008639E3 /* Assets.xcassets in Resources */,
			);
			runOnlyForDeploymentPostprocessing = 0;
		};
		3FC2F4E9273C2A8C008639E3 /* Resources */ = {
			isa = PBXResourcesBuildPhase;
			buildActionMask = 2147483647;
			files = (
			);
			runOnlyForDeploymentPostprocessing = 0;
		};
		3FC2F4F4273C2A8C008639E3 /* Resources */ = {
			isa = PBXResourcesBuildPhase;
			buildActionMask = 2147483647;
			files = (
			);
			runOnlyForDeploymentPostprocessing = 0;
		};
/* End PBXResourcesBuildPhase section */

/* Begin PBXSourcesBuildPhase section */
		3FC2F4D6273C2A84008639E3 /* Sources */ = {
			isa = PBXSourcesBuildPhase;
			buildActionMask = 2147483647;
			files = (
				3FC2F4E0273C2A84008639E3 /* ContentView.swift in Sources */,
				3FC2F4DE273C2A84008639E3 /* Fables_of_the_FlameApp.swift in Sources */,
			);
			runOnlyForDeploymentPostprocessing = 0;
		};
		3FC2F4E7273C2A8C008639E3 /* Sources */ = {
			isa = PBXSourcesBuildPhase;
			buildActionMask = 2147483647;
			files = (
				3FC2F4F0273C2A8C008639E3 /* Fables_of_the_FlameTests.swift in Sources */,
			);
			runOnlyForDeploymentPostprocessing = 0;
		};
		3FC2F4F2273C2A8C008639E3 /* Sources */ = {
			isa = PBXSourcesBuildPhase;
			buildActionMask = 2147483647;
			files = (
				3FC2F4FB273C2A8C008639E3 /* Fables_of_the_FlameUITests.swift in Sources */,
			);
			runOnlyForDeploymentPostprocessing = 0;
		};
/* End PBXSourcesBuildPhase section */

/* Begin PBXTargetDependency section */
		3FC2F4ED273C2A8C008639E3 /* PBXTargetDependency */ = {
			isa = PBXTargetDependency;
			target = 3FC2F4D9273C2A84008639E3 /* Fables of the Flame */;
			targetProxy = 3FC2F4EC273C2A8C008639E3 /* PBXContainerItemProxy */;
		};
		3FC2F4F8273C2A8C008639E3 /* PBXTargetDependency */ = {
			isa = PBXTargetDependency;
			target = 3FC2F4D9273C2A84008639E3 /* Fables of the Flame */;
			targetProxy = 3FC2F4F7273C2A8C008639E3 /* PBXContainerItemProxy */;
		};
/* End PBXTargetDependency section */

/* Begin XCBuildConfiguration section */
		3FC2F4FD273C2A8C008639E3 /* Debug */ = {
			isa = XCBuildConfiguration;
			buildSettings = {
				ALWAYS_SEARCH_USER_PATHS = NO;
				CLANG_ANALYZER_NONNULL = YES;
				CLANG_ANALYZER_NUMBER_OBJECT_CONVERSION = YES_AGGRESSIVE;
				CLANG_CXX_LANGUAGE_STANDARD = "gnu++14";
				CLANG_CXX_LIBRARY = "libc++";
				CLANG_ENABLE_MODULES = YES;
				CLANG_ENABLE_OBJC_ARC = YES;
				CLANG_ENABLE_OBJC_WEAK = YES;
				CLANG_WARN_BLOCK_CAPTURE_AUTORELEASING = YES;
				CLANG_WARN_BOOL_CONVERSION = YES;
				CLANG_WARN_COMMA = YES;
				CLANG_WARN_CONSTANT_CONVERSION = YES;
				CLANG_WARN_DEPRECATED_OBJC_IMPLEMENTATIONS = YES;
				CLANG_WARN_DIRECT_OBJC_ISA_USAGE = YES_ERROR;
				CLANG_WARN_DOCUMENTATION_COMMENTS = YES;
				CLANG_WARN_EMPTY_BODY = YES;
				CLANG_WARN_ENUM_CONVERSION = YES;
				CLANG_WARN_INFINITE_RECURSION = YES;
				CLANG_WARN_INT_CONVERSION = YES;
				CLANG_WARN_NON_LITERAL_NULL_CONVERSION = YES;
				CLANG_WARN_OBJC_IMPLICIT_RETAIN_SELF = YES;
				CLANG_WARN_OBJC_LITERAL_CONVERSION = YES;
				CLANG_WARN_OBJC_ROOT_CLASS = YES_ERROR;
				CLANG_WARN_QUOTED_INCLUDE_IN_FRAMEWORK_HEADER = YES;
				CLANG_WARN_RANGE_LOOP_ANALYSIS = YES;
				CLANG_WARN_STRICT_PROTOTYPES = YES;
				CLANG_WARN_SUSPICIOUS_MOVE = YES;
				CLANG_WARN_UNGUARDED_AVAILABILITY = YES_AGGRESSIVE;
				CLANG_WARN_UNREACHABLE_CODE = YES;
				CLANG_WARN__DUPLICATE_METHOD_MATCH = YES;
				COPY_PHASE_STRIP = NO;
				DEBUG_INFORMATION_FORMAT = dwarf;
				ENABLE_STRICT_OBJC_MSGSEND = YES;
				ENABLE_TESTABILITY = YES;
				GCC_C_LANGUAGE_STANDARD = gnu11;
				GCC_DYNAMIC_NO_PIC = NO;
				GCC_NO_COMMON_BLOCKS = YES;
				GCC_OPTIMIZATION_LEVEL = 0;
				GCC_PREPROCESSOR_DEFINITIONS = (
					"DEBUG=1",
					"$(inherited)",
				);
				GCC_WARN_64_TO_32_BIT_CONVERSION = YES;
				GCC_WARN_ABOUT_RETURN_TYPE = YES_ERROR;
				GCC_WARN_UNDECLARED_SELECTOR = YES;
				GCC_WARN_UNINITIALIZED_AUTOS = YES_AGGRESSIVE;
				GCC_WARN_UNUSED_FUNCTION = YES;
				GCC_WARN_UNUSED_VARIABLE = YES;
				IPHONEOS_DEPLOYMENT_TARGET = 14.5;
				MTL_ENABLE_DEBUG_INFO = INCLUDE_SOURCE;
				MTL_FAST_MATH = YES;
				ONLY_ACTIVE_ARCH = YES;
				SDKROOT = iphoneos;
				SWIFT_ACTIVE_COMPILATION_CONDITIONS = DEBUG;
				SWIFT_OPTIMIZATION_LEVEL = "-Onone";
			};
			name = Debug;
		};
		3FC2F4FE273C2A8C008639E3 /* Release */ = {
			isa = XCBuildConfiguration;
			buildSettings = {
				ALWAYS_SEARCH_USER_PATHS = NO;
				CLANG_ANALYZER_NONNULL = YES;
				CLANG_ANALYZER_NUMBER_OBJECT_CONVERSION = YES_AGGRESSIVE;
				CLANG_CXX_LANGUAGE_STANDARD = "gnu++14";
				CLANG_CXX_LIBRARY = "libc++";
				CLANG_ENABLE_MODULES = YES;
				CLANG_ENABLE_OBJC_ARC = YES;
				CLANG_ENABLE_OBJC_WEAK = YES;
				CLANG_WARN_BLOCK_CAPTURE_AUTORELEASING = YES;
				CLANG_WARN_BOOL_CONVERSION = YES;
				CLANG_WARN_COMMA = YES;
				CLANG_WARN_CONSTANT_CONVERSION = YES;
				CLANG_WARN_DEPRECATED_OBJC_IMPLEMENTATIONS = YES;
				CLANG_WARN_DIRECT_OBJC_ISA_USAGE = YES_ERROR;
				CLANG_WARN_DOCUMENTATION_COMMENTS = YES;
				CLANG_WARN_EMPTY_BODY = YES;
				CLANG_WARN_ENUM_CONVERSION = YES;
				CLANG_WARN_INFINITE_RECURSION = YES;
				CLANG_WARN_INT_CONVERSION = YES;
				CLANG_WARN_NON_LITERAL_NULL_CONVERSION = YES;
				CLANG_WARN_OBJC_IMPLICIT_RETAIN_SELF = YES;
				CLANG_WARN_OBJC_LITERAL_CONVERSION = YES;
				CLANG_WARN_OBJC_ROOT_CLASS = YES_ERROR;
				CLANG_WARN_QUOTED_INCLUDE_IN_FRAMEWORK_HEADER = YES;
				CLANG_WARN_RANGE_LOOP_ANALYSIS = YES;
				CLANG_WARN_STRICT_PROTOTYPES = YES;
				CLANG_WARN_SUSPICIOUS_MOVE = YES;
				CLANG_WARN_UNGUARDED_AVAILABILITY = YES_AGGRESSIVE;
				CLANG_WARN_UNREACHABLE_CODE = YES;
				CLANG_WARN__DUPLICATE_METHOD_MATCH = YES;
				COPY_PHASE_STRIP = NO;
				DEBUG_INFORMATION_FORMAT = "dwarf-with-dsym";
				ENABLE_NS_ASSERTIONS = NO;
				ENABLE_STRICT_OBJC_MSGSEND = YES;
				GCC_C_LANGUAGE_STANDARD = gnu11;
				GCC_NO_COMMON_BLOCKS = YES;
				GCC_WARN_64_TO_32_BIT_CONVERSION = YES;
				GCC_WARN_ABOUT_RETURN_TYPE = YES_ERROR;
				GCC_WARN_UNDECLARED_SELECTOR = YES;
				GCC_WARN_UNINITIALIZED_AUTOS = YES_AGGRESSIVE;
				GCC_WARN_UNUSED_FUNCTION = YES;
				GCC_WARN_UNUSED_VARIABLE = YES;
				IPHONEOS_DEPLOYMENT_TARGET = 14.5;
				MTL_ENABLE_DEBUG_INFO = NO;
				MTL_FAST_MATH = YES;
				SDKROOT = iphoneos;
				SWIFT_COMPILATION_MODE = wholemodule;
				SWIFT_OPTIMIZATION_LEVEL = "-O";
				VALIDATE_PRODUCT = YES;
			};
			name = Release;
		};
		3FC2F500273C2A8C008639E3 /* Debug */ = {
			isa = XCBuildConfiguration;
			buildSettings = {
				ASSETCATALOG_COMPILER_APPICON_NAME = AppIcon;
				ASSETCATALOG_COMPILER_GLOBAL_ACCENT_COLOR_NAME = AccentColor;
				CODE_SIGN_STYLE = Automatic;
				DEVELOPMENT_ASSET_PATHS = "\"Fables of the Flame/Preview Content\"";
				DEVELOPMENT_TEAM = ZLX2F6YDPC;
				ENABLE_PREVIEWS = YES;
				INFOPLIST_FILE = "Fables of the Flame/Info.plist";
				IPHONEOS_DEPLOYMENT_TARGET = 14.0;
				LD_RUNPATH_SEARCH_PATHS = (
					"$(inherited)",
					"@executable_path/Frameworks",
				);
				PRODUCT_BUNDLE_IDENTIFIER = "SnowShow.Fables-of-the-Flame";
				PRODUCT_NAME = "$(TARGET_NAME)";
				SWIFT_VERSION = 5.0;
				TARGETED_DEVICE_FAMILY = "1,2";
			};
			name = Debug;
		};
		3FC2F501273C2A8C008639E3 /* Release */ = {
			isa = XCBuildConfiguration;
			buildSettings = {
				ASSETCATALOG_COMPILER_APPICON_NAME = AppIcon;
				ASSETCATALOG_COMPILER_GLOBAL_ACCENT_COLOR_NAME = AccentColor;
				CODE_SIGN_STYLE = Automatic;
				DEVELOPMENT_ASSET_PATHS = "\"Fables of the Flame/Preview Content\"";
				DEVELOPMENT_TEAM = ZLX2F6YDPC;
				ENABLE_PREVIEWS = YES;
				INFOPLIST_FILE = "Fables of the Flame/Info.plist";
				IPHONEOS_DEPLOYMENT_TARGET = 14.0;
				LD_RUNPATH_SEARCH_PATHS = (
					"$(inherited)",
					"@executable_path/Frameworks",
				);
				PRODUCT_BUNDLE_IDENTIFIER = "SnowShow.Fables-of-the-Flame";
				PRODUCT_NAME = "$(TARGET_NAME)";
				SWIFT_VERSION = 5.0;
				TARGETED_DEVICE_FAMILY = "1,2";
			};
			name = Release;
		};
		3FC2F503273C2A8C008639E3 /* Debug */ = {
			isa = XCBuildConfiguration;
			buildSettings = {
				ALWAYS_EMBED_SWIFT_STANDARD_LIBRARIES = YES;
				BUNDLE_LOADER = "$(TEST_HOST)";
				CODE_SIGN_STYLE = Automatic;
				DEVELOPMENT_TEAM = ZLX2F6YDPC;
				INFOPLIST_FILE = "Fables of the FlameTests/Info.plist";
				IPHONEOS_DEPLOYMENT_TARGET = 14.0;
				LD_RUNPATH_SEARCH_PATHS = (
					"$(inherited)",
					"@executable_path/Frameworks",
					"@loader_path/Frameworks",
				);
				PRODUCT_BUNDLE_IDENTIFIER = "SnowShow.Fables-of-the-FlameTests";
				PRODUCT_NAME = "$(TARGET_NAME)";
				SWIFT_VERSION = 5.0;
				TARGETED_DEVICE_FAMILY = "1,2";
				TEST_HOST = "$(BUILT_PRODUCTS_DIR)/Fables of the Flame.app/Fables of the Flame";
			};
			name = Debug;
		};
		3FC2F504273C2A8C008639E3 /* Release */ = {
			isa = XCBuildConfiguration;
			buildSettings = {
				ALWAYS_EMBED_SWIFT_STANDARD_LIBRARIES = YES;
				BUNDLE_LOADER = "$(TEST_HOST)";
				CODE_SIGN_STYLE = Automatic;
				DEVELOPMENT_TEAM = ZLX2F6YDPC;
				INFOPLIST_FILE = "Fables of the FlameTests/Info.plist";
				IPHONEOS_DEPLOYMENT_TARGET = 14.0;
				LD_RUNPATH_SEARCH_PATHS = (
					"$(inherited)",
					"@executable_path/Frameworks",
					"@loader_path/Frameworks",
				);
				PRODUCT_BUNDLE_IDENTIFIER = "SnowShow.Fables-of-the-FlameTests";
				PRODUCT_NAME = "$(TARGET_NAME)";
				SWIFT_VERSION = 5.0;
				TARGETED_DEVICE_FAMILY = "1,2";
				TEST_HOST = "$(BUILT_PRODUCTS_DIR)/Fables of the Flame.app/Fables of the Flame";
			};
			name = Release;
		};
		3FC2F506273C2A8C008639E3 /* Debug */ = {
			isa = XCBuildConfiguration;
			buildSettings = {
				ALWAYS_EMBED_SWIFT_STANDARD_LIBRARIES = YES;
				CODE_SIGN_STYLE = Automatic;
				DEVELOPMENT_TEAM = ZLX2F6YDPC;
				INFOPLIST_FILE = "Fables of the FlameUITests/Info.plist";
				LD_RUNPATH_SEARCH_PATHS = (
					"$(inherited)",
					"@executable_path/Frameworks",
					"@loader_path/Frameworks",
				);
				PRODUCT_BUNDLE_IDENTIFIER = "SnowShow.Fables-of-the-FlameUITests";
				PRODUCT_NAME = "$(TARGET_NAME)";
				SWIFT_VERSION = 5.0;
				TARGETED_DEVICE_FAMILY = "1,2";
				TEST_TARGET_NAME = "Fables of the Flame";
			};
			name = Debug;
		};
		3FC2F507273C2A8C008639E3 /* Release */ = {
			isa = XCBuildConfiguration;
			buildSettings = {
				ALWAYS_EMBED_SWIFT_STANDARD_LIBRARIES = YES;
				CODE_SIGN_STYLE = Automatic;
				DEVELOPMENT_TEAM = ZLX2F6YDPC;
				INFOPLIST_FILE = "Fables of the FlameUITests/Info.plist";
				LD_RUNPATH_SEARCH_PATHS = (
					"$(inherited)",
					"@executable_path/Frameworks",
					"@loader_path/Frameworks",
				);
				PRODUCT_BUNDLE_IDENTIFIER = "SnowShow.Fables-of-the-FlameUITests";
				PRODUCT_NAME = "$(TARGET_NAME)";
				SWIFT_VERSION = 5.0;
				TARGETED_DEVICE_FAMILY = "1,2";
				TEST_TARGET_NAME = "Fables of the Flame";
			};
			name = Release;
		};
/* End XCBuildConfiguration section */

/* Begin XCConfigurationList section */
		3FC2F4D5273C2A84008639E3 /* Build configuration list for PBXProject "Fables of the Flame" */ = {
			isa = XCConfigurationList;
			buildConfigurations = (
				3FC2F4FD273C2A8C008639E3 /* Debug */,
				3FC2F4FE273C2A8C008639E3 /* Release */,
			);
			defaultConfigurationIsVisible = 0;
			defaultConfigurationName = Release;
		};
		3FC2F4FF273C2A8C008639E3 /* Build configuration list for PBXNativeTarget "Fables of the Flame" */ = {
			isa = XCConfigurationList;
			buildConfigurations = (
				3FC2F500273C2A8C008639E3 /* Debug */,
				3FC2F501273C2A8C008639E3 /* Release */,
			);
			defaultConfigurationIsVisible = 0;
			defaultConfigurationName = Release;
		};
		3FC2F502273C2A8C008639E3 /* Build configuration list for PBXNativeTarget "Fables of the FlameTests" */ = {
			isa = XCConfigurationList;
			buildConfigurations = (
				3FC2F503273C2A8C008639E3 /* Debug */,
				3FC2F504273C2A8C008639E3 /* Release */,
			);
			defaultConfigurationIsVisible = 0;
			defaultConfigurationName = Release;
		};
		3FC2F505273C2A8C008639E3 /* Build configuration list for PBXNativeTarget "Fables of the FlameUITests" */ = {
			isa = XCConfigurationList;
			buildConfigurations = (
				3FC2F506273C2A8C008639E3 /* Debug */,
				3FC2F507273C2A8C008639E3 /* Release */,
			);
			defaultConfigurationIsVisible = 0;
			defaultConfigurationName = Release;
		};
/* End XCConfigurationList section */
	};
	rootObject = 3FC2F4D2273C2A84008639E3 /* Project object */;
}
